# THIS IS AN AUTOGENERATED FILE. DO NOT EDIT THIS FILE DIRECTLY.
# yarn lockfile v1


dark@^0.0.2-1:
  version "0.0.2-1"
  resolved "https://registry.yarnpkg.com/dark/-/dark-0.0.2-1.tgz#6c7ce142fab57baa3dd456f8d2516b4d7bd1612d"
  integrity sha512-Nm56cq0kJno6T1ySxLAMVTf3e3lojZgtRmtucwPLoGyMXDcEbJ9jYAwjnmuluyL8/I0JV3H0BEpvRVzGaO6EHQ==
  dependencies:
    omelette "^0.4.12"

omelette@^0.4.12:
  version "0.4.12"
  resolved "https://registry.yarnpkg.com/omelette/-/omelette-0.4.12.tgz#83d6413ac2f34b00266a0956b8bc472deeca1c9f"
  integrity sha512-f/GsNOZIxHnNo9hHguQ8bNWXogfTebmvXR5Jg1apRakWO/PDSUbCOFlp9Rv4IPnS59sjZTPqkHZ2seFx8opJXA==
